{
  "requires": true,
  "lockfileVersion": 1,
  "dependencies": {
    "vuetify": {
      "version": "2.3.2",
      "resolved": "https://registry.npmjs.org/vuetify/-/vuetify-2.3.2.tgz",
      "integrity": "sha512-LgTuUN9IBrR47rLC5NnoameawjV1+KM2KqgZh3lammYKx6yA/AFysHcvXdkfro5vNXxnybKQOuHOsRJ8+e52mA=="
    }
  }
}
